
Microsoft Visual Studio Solution File, Format Version 12.00
# Visual Studio 15
VisualStudioVersion = 15.0.28307.1259
MinimumVisualStudioVersion = 10.0.40219.1
Project("{888888A0-9F3D-457C-B088-3A5042F75D52}") = "neural_net_live_demo_2", "neural_net_live_demo_2\neural_net_live_demo_2.pyproj", "{E0B71EE2-C6E1-40E6-8B88-FD1010C688B8}"
EndProject
Global
	GlobalSection(SolutionConfigurationPlatforms) = preSolution
		Debug|Any CPU = Debug|Any CPU
		Release|Any CPU = Release|Any CPU
	EndGlobalSection
	GlobalSection(ProjectConfigurationPlatforms) = postSolution
		{E0B71EE2-C6E1-40E6-8B88-FD1010C688B8}.Debug|Any CPU.ActiveCfg = Debug|Any CPU
		{E0B71EE2-C6E1-40E6-8B88-FD1010C688B8}.Release|Any CPU.ActiveCfg = Release|Any CPU
	EndGlobalSection
	GlobalSection(SolutionProperties) = preSolution
		HideSolutionNode = FALSE
	EndGlobalSection
	GlobalSection(ExtensibilityGlobals) = postSolution
		SolutionGuid = {921F1B37-101B-4F8D-928E-531D943F0702}
	EndGlobalSection
EndGlobal
